
Microsoft Visual Studio Solution File, Format Version 12.00
# Visual Studio 15
VisualStudioVersion = 15.0.28010.2050
MinimumVisualStudioVersion = 10.0.40219.1
Project("{888888A0-9F3D-457C-B088-3A5042F75D52}") = "JMnedictToSQLite", "JMnedictToSQLite.pyproj", "{EB1AEA2F-6BE7-43E4-BA4D-6102EBF8B4A5}"
EndProject
Global
	GlobalSection(SolutionConfigurationPlatforms) = preSolution
		Debug|Any CPU = Debug|Any CPU
		Release|Any CPU = Release|Any CPU
	EndGlobalSection
	GlobalSection(ProjectConfigurationPlatforms) = postSolution
		{EB1AEA2F-6BE7-43E4-BA4D-6102EBF8B4A5}.Debug|Any CPU.ActiveCfg = Debug|Any CPU
		{EB1AEA2F-6BE7-43E4-BA4D-6102EBF8B4A5}.Release|Any CPU.ActiveCfg = Release|Any CPU
	EndGlobalSection
	GlobalSection(SolutionProperties) = preSolution
		HideSolutionNode = FALSE
	EndGlobalSection
	GlobalSection(ExtensibilityGlobals) = postSolution
		SolutionGuid = {FDCE0CE5-F356-4569-85EA-8D7A9DAAD502}
	EndGlobalSection
EndGlobal
