
Microsoft Visual Studio Solution File, Format Version 12.00
# Visual Studio 15
VisualStudioVersion = 15.0.27428.2043
MinimumVisualStudioVersion = 10.0.40219.1
Project("{888888A0-9F3D-457C-B088-3A5042F75D52}") = "RadkfileToSQLite", "RadkfileToSQLite.pyproj", "{DAA70F54-0218-4A4E-A57B-3C4A4D483EC3}"
EndProject
Global
	GlobalSection(SolutionConfigurationPlatforms) = preSolution
		Debug|Any CPU = Debug|Any CPU
		Release|Any CPU = Release|Any CPU
	EndGlobalSection
	GlobalSection(ProjectConfigurationPlatforms) = postSolution
		{DAA70F54-0218-4A4E-A57B-3C4A4D483EC3}.Debug|Any CPU.ActiveCfg = Debug|Any CPU
		{DAA70F54-0218-4A4E-A57B-3C4A4D483EC3}.Release|Any CPU.ActiveCfg = Release|Any CPU
	EndGlobalSection
	GlobalSection(SolutionProperties) = preSolution
		HideSolutionNode = FALSE
	EndGlobalSection
	GlobalSection(ExtensibilityGlobals) = postSolution
		SolutionGuid = {D0855578-9B6E-4648-B0E6-4E0E9A62F3CE}
	EndGlobalSection
EndGlobal
