
Microsoft Visual Studio Solution File, Format Version 12.00
# Visual Studio 15
VisualStudioVersion = 15.0.27703.2000
MinimumVisualStudioVersion = 10.0.40219.1
Project("{888888A0-9F3D-457C-B088-3A5042F75D52}") = "JMdictToSQLite", "JMdictToSQLite.pyproj", "{B0D8DEE1-4A42-4F5A-8162-9895A7CE4F92}"
EndProject
Global
	GlobalSection(SolutionConfigurationPlatforms) = preSolution
		Debug|Any CPU = Debug|Any CPU
		Release|Any CPU = Release|Any CPU
	EndGlobalSection
	GlobalSection(ProjectConfigurationPlatforms) = postSolution
		{B0D8DEE1-4A42-4F5A-8162-9895A7CE4F92}.Debug|Any CPU.ActiveCfg = Debug|Any CPU
		{B0D8DEE1-4A42-4F5A-8162-9895A7CE4F92}.Release|Any CPU.ActiveCfg = Release|Any CPU
	EndGlobalSection
	GlobalSection(SolutionProperties) = preSolution
		HideSolutionNode = FALSE
	EndGlobalSection
	GlobalSection(ExtensibilityGlobals) = postSolution
		SolutionGuid = {3DA4D0B9-70FE-40D6-855C-3B6A10B8B7E0}
	EndGlobalSection
EndGlobal
